
Microsoft Visual Studio Solution File, Format Version 12.00
# Visual Studio Version 16
VisualStudioVersion = 16.0.29209.62
MinimumVisualStudioVersion = 10.0.40219.1
Project("{FAE04EC0-301F-11D3-BF4B-00C04F79EFBC}") = "ForeignExchange.Android", "ForeignExchange\ForeignExchange.Android\ForeignExchange.Android.csproj", "{4D279808-D78D-47BC-AF85-D9CEDFB43BC4}"
EndProject
Project("{FAE04EC0-301F-11D3-BF4B-00C04F79EFBC}") = "ForeignExchange.iOS", "ForeignExchange\ForeignExchange.iOS\ForeignExchange.iOS.csproj", "{D84A90D1-0266-4F62-A08E-DA4BB0F0985A}"
EndProject
Project("{FAE04EC0-301F-11D3-BF4B-00C04F79EFBC}") = "ForeignExchange", "ForeignExchange\ForeignExchange\ForeignExchange.csproj", "{4325E761-C13D-49D7-BAE1-87C678991770}"
EndProject
Global
	GlobalSection(SolutionConfigurationPlatforms) = preSolution
		Debug|Any CPU = Debug|Any CPU
		Debug|iPhone = Debug|iPhone
		Debug|iPhoneSimulator = Debug|iPhoneSimulator
		Release|Any CPU = Release|Any CPU
		Release|iPhone = Release|iPhone
		Release|iPhoneSimulator = Release|iPhoneSimulator
	EndGlobalSection
	GlobalSection(ProjectConfigurationPlatforms) = postSolution
		{4D279808-D78D-47BC-AF85-D9CEDFB43BC4}.Debug|Any CPU.ActiveCfg = Debug|Any CPU
		{4D279808-D78D-47BC-AF85-D9CEDFB43BC4}.Debug|Any CPU.Build.0 = Debug|Any CPU
		{4D279808-D78D-47BC-AF85-D9CEDFB43BC4}.Debug|Any CPU.Deploy.0 = Debug|Any CPU
		{4D279808-D78D-47BC-AF85-D9CEDFB43BC4}.Debug|iPhone.ActiveCfg = Debug|Any CPU
		{4D279808-D78D-47BC-AF85-D9CEDFB43BC4}.Debug|iPhone.Build.0 = Debug|Any CPU
		{4D279808-D78D-47BC-AF85-D9CEDFB43BC4}.Debug|iPhone.Deploy.0 = Debug|Any CPU
		{4D279808-D78D-47BC-AF85-D9CEDFB43BC4}.Debug|iPhoneSimulator.ActiveCfg = Debug|Any CPU
		{4D279808-D78D-47BC-AF85-D9CEDFB43BC4}.Debug|iPhoneSimulator.Build.0 = Debug|Any CPU
		{4D279808-D78D-47BC-AF85-D9CEDFB43BC4}.Debug|iPhoneSimulator.Deploy.0 = Debug|Any CPU
		{4D279808-D78D-47BC-AF85-D9CEDFB43BC4}.Release|Any CPU.ActiveCfg = Release|Any CPU
		{4D279808-D78D-47BC-AF85-D9CEDFB43BC4}.Release|Any CPU.Build.0 = Release|Any CPU
		{4D279808-D78D-47BC-AF85-D9CEDFB43BC4}.Release|Any CPU.Deploy.0 = Release|Any CPU
		{4D279808-D78D-47BC-AF85-D9CEDFB43BC4}.Release|iPhone.ActiveCfg = Release|Any CPU
		{4D279808-D78D-47BC-AF85-D9CEDFB43BC4}.Release|iPhone.Build.0 = Release|Any CPU
		{4D279808-D78D-47BC-AF85-D9CEDFB43BC4}.Release|iPhone.Deploy.0 = Release|Any CPU
		{4D279808-D78D-47BC-AF85-D9CEDFB43BC4}.Release|iPhoneSimulator.ActiveCfg = Release|Any CPU
		{4D279808-D78D-47BC-AF85-D9CEDFB43BC4}.Release|iPhoneSimulator.Build.0 = Release|Any CPU
		{4D279808-D78D-47BC-AF85-D9CEDFB43BC4}.Release|iPhoneSimulator.Deploy.0 = Release|Any CPU
		{D84A90D1-0266-4F62-A08E-DA4BB0F0985A}.Debug|Any CPU.ActiveCfg = Debug|iPhoneSimulator
		{D84A90D1-0266-4F62-A08E-DA4BB0F0985A}.Debug|Any CPU.Build.0 = Debug|iPhoneSimulator
		{D84A90D1-0266-4F62-A08E-DA4BB0F0985A}.Debug|Any CPU.Deploy.0 = Debug|iPhoneSimulator
		{D84A90D1-0266-4F62-A08E-DA4BB0F0985A}.Debug|iPhone.ActiveCfg = Debug|iPhone
		{D84A90D1-0266-4F62-A08E-DA4BB0F0985A}.Debug|iPhone.Build.0 = Debug|iPhone
		{D84A90D1-0266-4F62-A08E-DA4BB0F0985A}.Debug|iPhone.Deploy.0 = Debug|iPhone
		{D84A90D1-0266-4F62-A08E-DA4BB0F0985A}.Debug|iPhoneSimulator.ActiveCfg = Debug|iPhoneSimulator
		{D84A90D1-0266-4F62-A08E-DA4BB0F0985A}.Debug|iPhoneSimulator.Build.0 = Debug|iPhoneSimulator
		{D84A90D1-0266-4F62-A08E-DA4BB0F0985A}.Debug|iPhoneSimulator.Deploy.0 = Debug|iPhoneSimulator
		{D84A90D1-0266-4F62-A08E-DA4BB0F0985A}.Release|Any CPU.ActiveCfg = Release|iPhone
		{D84A90D1-0266-4F62-A08E-DA4BB0F0985A}.Release|Any CPU.Build.0 = Release|iPhone
		{D84A90D1-0266-4F62-A08E-DA4BB0F0985A}.Release|Any CPU.Deploy.0 = Release|iPhone
		{D84A90D1-0266-4F62-A08E-DA4BB0F0985A}.Release|iPhone.ActiveCfg = Release|iPhone
		{D84A90D1-0266-4F62-A08E-DA4BB0F0985A}.Release|iPhone.Build.0 = Release|iPhone
		{D84A90D1-0266-4F62-A08E-DA4BB0F0985A}.Release|iPhone.Deploy.0 = Release|iPhone
		{D84A90D1-0266-4F62-A08E-DA4BB0F0985A}.Release|iPhoneSimulator.ActiveCfg = Release|iPhoneSimulator
		{D84A90D1-0266-4F62-A08E-DA4BB0F0985A}.Release|iPhoneSimulator.Build.0 = Release|iPhoneSimulator
		{D84A90D1-0266-4F62-A08E-DA4BB0F0985A}.Release|iPhoneSimulator.Deploy.0 = Release|iPhoneSimulator
		{4325E761-C13D-49D7-BAE1-87C678991770}.Debug|Any CPU.ActiveCfg = Debug|Any CPU
		{4325E761-C13D-49D7-BAE1-87C678991770}.Debug|Any CPU.Build.0 = Debug|Any CPU
		{4325E761-C13D-49D7-BAE1-87C678991770}.Debug|Any CPU.Deploy.0 = Debug|Any CPU
		{4325E761-C13D-49D7-BAE1-87C678991770}.Debug|iPhone.ActiveCfg = Debug|Any CPU
		{4325E761-C13D-49D7-BAE1-87C678991770}.Debug|iPhone.Build.0 = Debug|Any CPU
		{4325E761-C13D-49D7-BAE1-87C678991770}.Debug|iPhone.Deploy.0 = Debug|Any CPU
		{4325E761-C13D-49D7-BAE1-87C678991770}.Debug|iPhoneSimulator.ActiveCfg = Debug|Any CPU
		{4325E761-C13D-49D7-BAE1-87C678991770}.Debug|iPhoneSimulator.Build.0 = Debug|Any CPU
		{4325E761-C13D-49D7-BAE1-87C678991770}.Debug|iPhoneSimulator.Deploy.0 = Debug|Any CPU
		{4325E761-C13D-49D7-BAE1-87C678991770}.Release|Any CPU.ActiveCfg = Release|Any CPU
		{4325E761-C13D-49D7-BAE1-87C678991770}.Release|Any CPU.Build.0 = Release|Any CPU
		{4325E761-C13D-49D7-BAE1-87C678991770}.Release|Any CPU.Deploy.0 = Release|Any CPU
		{4325E761-C13D-49D7-BAE1-87C678991770}.Release|iPhone.ActiveCfg = Release|Any CPU
		{4325E761-C13D-49D7-BAE1-87C678991770}.Release|iPhone.Build.0 = Release|Any CPU
		{4325E761-C13D-49D7-BAE1-87C678991770}.Release|iPhone.Deploy.0 = Release|Any CPU
		{4325E761-C13D-49D7-BAE1-87C678991770}.Release|iPhoneSimulator.ActiveCfg = Release|Any CPU
		{4325E761-C13D-49D7-BAE1-87C678991770}.Release|iPhoneSimulator.Build.0 = Release|Any CPU
		{4325E761-C13D-49D7-BAE1-87C678991770}.Release|iPhoneSimulator.Deploy.0 = Release|Any CPU
	EndGlobalSection
	GlobalSection(SolutionProperties) = preSolution
		HideSolutionNode = FALSE
	EndGlobalSection
	GlobalSection(ExtensibilityGlobals) = postSolution
		SolutionGuid = {9F6F235C-1D60-4BB8-AFAC-F8AA3F53401C}
	EndGlobalSection
EndGlobal
